
Microsoft Visual Studio Solution File, Format Version 12.00
# Visual Studio Version 17
VisualStudioVersion = 17.5.33530.505
MinimumVisualStudioVersion = 10.0.40219.1
Project("{8BC9CEB8-8B4A-11D0-8D11-00A0C91BC942}") = "GameHook", "GameHook\GameHook.vcxproj", "{50940AFB-2A54-4C7E-8895-C945BF1BEFA0}"
EndProject
Project("{8BC9CEB8-8B4A-11D0-8D11-00A0C91BC942}") = "GameInjector", "GameInjector\GameInjector.vcxproj", "{7285C651-8C10-4AED-9226-D4EAA3EA21A0}"
EndProject
Project("{8BC9CEB8-8B4A-11D0-8D11-00A0C91BC942}") = "test", "test\test.vcxproj", "{7E6F6622-AD87-47AA-BFF4-42F66ABEA9BB}"
EndProject
Global
	GlobalSection(SolutionConfigurationPlatforms) = preSolution
		Debug|x64 = Debug|x64
		Debug|x86 = Debug|x86
		Release|x64 = Release|x64
		Release|x86 = Release|x86
	EndGlobalSection
	GlobalSection(ProjectConfigurationPlatforms) = postSolution
		{50940AFB-2A54-4C7E-8895-C945BF1BEFA0}.Debug|x64.ActiveCfg = Debug|x64
		{50940AFB-2A54-4C7E-8895-C945BF1BEFA0}.Debug|x64.Build.0 = Debug|x64
		{50940AFB-2A54-4C7E-8895-C945BF1BEFA0}.Debug|x86.ActiveCfg = Debug|Win32
		{50940AFB-2A54-4C7E-8895-C945BF1BEFA0}.Debug|x86.Build.0 = Debug|Win32
		{50940AFB-2A54-4C7E-8895-C945BF1BEFA0}.Release|x64.ActiveCfg = Release|x64
		{50940AFB-2A54-4C7E-8895-C945BF1BEFA0}.Release|x64.Build.0 = Release|x64
		{50940AFB-2A54-4C7E-8895-C945BF1BEFA0}.Release|x86.ActiveCfg = Release|Win32
		{50940AFB-2A54-4C7E-8895-C945BF1BEFA0}.Release|x86.Build.0 = Release|Win32
		{7285C651-8C10-4AED-9226-D4EAA3EA21A0}.Debug|x64.ActiveCfg = Debug|x64
		{7285C651-8C10-4AED-9226-D4EAA3EA21A0}.Debug|x64.Build.0 = Debug|x64
		{7285C651-8C10-4AED-9226-D4EAA3EA21A0}.Debug|x86.ActiveCfg = Debug|Win32
		{7285C651-8C10-4AED-9226-D4EAA3EA21A0}.Debug|x86.Build.0 = Debug|Win32
		{7285C651-8C10-4AED-9226-D4EAA3EA21A0}.Release|x64.ActiveCfg = Release|x64
		{7285C651-8C10-4AED-9226-D4EAA3EA21A0}.Release|x64.Build.0 = Release|x64
		{7285C651-8C10-4AED-9226-D4EAA3EA21A0}.Release|x86.ActiveCfg = Release|Win32
		{7285C651-8C10-4AED-9226-D4EAA3EA21A0}.Release|x86.Build.0 = Release|Win32
		{7E6F6622-AD87-47AA-BFF4-42F66ABEA9BB}.Debug|x64.ActiveCfg = Debug|x64
		{7E6F6622-AD87-47AA-BFF4-42F66ABEA9BB}.Debug|x64.Build.0 = Debug|x64
		{7E6F6622-AD87-47AA-BFF4-42F66ABEA9BB}.Debug|x86.ActiveCfg = Debug|Win32
		{7E6F6622-AD87-47AA-BFF4-42F66ABEA9BB}.Debug|x86.Build.0 = Debug|Win32
		{7E6F6622-AD87-47AA-BFF4-42F66ABEA9BB}.Release|x64.ActiveCfg = Release|x64
		{7E6F6622-AD87-47AA-BFF4-42F66ABEA9BB}.Release|x64.Build.0 = Release|x64
		{7E6F6622-AD87-47AA-BFF4-42F66ABEA9BB}.Release|x86.ActiveCfg = Release|Win32
		{7E6F6622-AD87-47AA-BFF4-42F66ABEA9BB}.Release|x86.Build.0 = Release|Win32
	EndGlobalSection
	GlobalSection(SolutionProperties) = preSolution
		HideSolutionNode = FALSE
	EndGlobalSection
	GlobalSection(ExtensibilityGlobals) = postSolution
		SolutionGuid = {0CC2E302-5845-4198-B8F4-23461AB4787A}
	EndGlobalSection
EndGlobal
